
Microsoft Visual Studio Solution File, Format Version 12.00
# Visual Studio 15
VisualStudioVersion = 15.0.28307.329
MinimumVisualStudioVersion = 10.0.40219.1
Project("{FAE04EC0-301F-11D3-BF4B-00C04F79EFBC}") = "HotelService", "HotelService\HotelService.csproj", "{AAC6DD30-138B-4888-881F-E0000095A556}"
EndProject
Project("{9A19103F-16F7-4668-BE54-9A1E7A4F7556}") = "Booking", "Booking\Booking.csproj", "{EDC483CF-7124-4F89-8D99-ACAC69EC02A4}"
EndProject
Project("{FAE04EC0-301F-11D3-BF4B-00C04F79EFBC}") = "Front desk", "Front desk\Front desk.csproj", "{895AA63B-6F6B-459E-AA89-37E55D9F9B7F}"
EndProject
Project("{FAE04EC0-301F-11D3-BF4B-00C04F79EFBC}") = "SQLConnectionApplication", "SQLConnectionApplication\SQLConnectionApplication.csproj", "{3CCA3773-8C04-4B25-B52A-241060F9771A}"
EndProject
Project("{FAE04EC0-301F-11D3-BF4B-00C04F79EFBC}") = "HotelServiceAPI", "HotelServiceAPI\HotelServiceAPI.csproj", "{9EFF3E66-F613-40DB-99CD-F325A9FAECA1}"
EndProject
Global
	GlobalSection(SolutionConfigurationPlatforms) = preSolution
		Debug|Any CPU = Debug|Any CPU
		Debug|ARM = Debug|ARM
		Debug|ARM64 = Debug|ARM64
		Debug|x64 = Debug|x64
		Debug|x86 = Debug|x86
		Release|Any CPU = Release|Any CPU
		Release|ARM = Release|ARM
		Release|ARM64 = Release|ARM64
		Release|x64 = Release|x64
		Release|x86 = Release|x86
	EndGlobalSection
	GlobalSection(ProjectConfigurationPlatforms) = postSolution
		{AAC6DD30-138B-4888-881F-E0000095A556}.Debug|Any CPU.ActiveCfg = Debug|x86
		{AAC6DD30-138B-4888-881F-E0000095A556}.Debug|ARM.ActiveCfg = Debug|ARM
		{AAC6DD30-138B-4888-881F-E0000095A556}.Debug|ARM.Build.0 = Debug|ARM
		{AAC6DD30-138B-4888-881F-E0000095A556}.Debug|ARM.Deploy.0 = Debug|ARM
		{AAC6DD30-138B-4888-881F-E0000095A556}.Debug|ARM64.ActiveCfg = Debug|ARM64
		{AAC6DD30-138B-4888-881F-E0000095A556}.Debug|ARM64.Build.0 = Debug|ARM64
		{AAC6DD30-138B-4888-881F-E0000095A556}.Debug|ARM64.Deploy.0 = Debug|ARM64
		{AAC6DD30-138B-4888-881F-E0000095A556}.Debug|x64.ActiveCfg = Debug|x64
		{AAC6DD30-138B-4888-881F-E0000095A556}.Debug|x64.Build.0 = Debug|x64
		{AAC6DD30-138B-4888-881F-E0000095A556}.Debug|x64.Deploy.0 = Debug|x64
		{AAC6DD30-138B-4888-881F-E0000095A556}.Debug|x86.ActiveCfg = Debug|x86
		{AAC6DD30-138B-4888-881F-E0000095A556}.Debug|x86.Build.0 = Debug|x86
		{AAC6DD30-138B-4888-881F-E0000095A556}.Debug|x86.Deploy.0 = Debug|x86
		{AAC6DD30-138B-4888-881F-E0000095A556}.Release|Any CPU.ActiveCfg = Release|x86
		{AAC6DD30-138B-4888-881F-E0000095A556}.Release|ARM.ActiveCfg = Release|ARM
		{AAC6DD30-138B-4888-881F-E0000095A556}.Release|ARM.Build.0 = Release|ARM
		{AAC6DD30-138B-4888-881F-E0000095A556}.Release|ARM.Deploy.0 = Release|ARM
		{AAC6DD30-138B-4888-881F-E0000095A556}.Release|ARM64.ActiveCfg = Release|ARM64
		{AAC6DD30-138B-4888-881F-E0000095A556}.Release|ARM64.Build.0 = Release|ARM64
		{AAC6DD30-138B-4888-881F-E0000095A556}.Release|ARM64.Deploy.0 = Release|ARM64
		{AAC6DD30-138B-4888-881F-E0000095A556}.Release|x64.ActiveCfg = Release|x64
		{AAC6DD30-138B-4888-881F-E0000095A556}.Release|x64.Build.0 = Release|x64
		{AAC6DD30-138B-4888-881F-E0000095A556}.Release|x64.Deploy.0 = Release|x64
		{AAC6DD30-138B-4888-881F-E0000095A556}.Release|x86.ActiveCfg = Release|x86
		{AAC6DD30-138B-4888-881F-E0000095A556}.Release|x86.Build.0 = Release|x86
		{AAC6DD30-138B-4888-881F-E0000095A556}.Release|x86.Deploy.0 = Release|x86
		{EDC483CF-7124-4F89-8D99-ACAC69EC02A4}.Debug|Any CPU.ActiveCfg = Debug|Any CPU
		{EDC483CF-7124-4F89-8D99-ACAC69EC02A4}.Debug|Any CPU.Build.0 = Debug|Any CPU
		{EDC483CF-7124-4F89-8D99-ACAC69EC02A4}.Debug|ARM.ActiveCfg = Debug|Any CPU
		{EDC483CF-7124-4F89-8D99-ACAC69EC02A4}.Debug|ARM.Build.0 = Debug|Any CPU
		{EDC483CF-7124-4F89-8D99-ACAC69EC02A4}.Debug|ARM64.ActiveCfg = Debug|Any CPU
		{EDC483CF-7124-4F89-8D99-ACAC69EC02A4}.Debug|ARM64.Build.0 = Debug|Any CPU
		{EDC483CF-7124-4F89-8D99-ACAC69EC02A4}.Debug|x64.ActiveCfg = Debug|Any CPU
		{EDC483CF-7124-4F89-8D99-ACAC69EC02A4}.Debug|x64.Build.0 = Debug|Any CPU
		{EDC483CF-7124-4F89-8D99-ACAC69EC02A4}.Debug|x86.ActiveCfg = Debug|Any CPU
		{EDC483CF-7124-4F89-8D99-ACAC69EC02A4}.Debug|x86.Build.0 = Debug|Any CPU
		{EDC483CF-7124-4F89-8D99-ACAC69EC02A4}.Release|Any CPU.ActiveCfg = Release|Any CPU
		{EDC483CF-7124-4F89-8D99-ACAC69EC02A4}.Release|Any CPU.Build.0 = Release|Any CPU
		{EDC483CF-7124-4F89-8D99-ACAC69EC02A4}.Release|ARM.ActiveCfg = Release|Any CPU
		{EDC483CF-7124-4F89-8D99-ACAC69EC02A4}.Release|ARM.Build.0 = Release|Any CPU
		{EDC483CF-7124-4F89-8D99-ACAC69EC02A4}.Release|ARM64.ActiveCfg = Release|Any CPU
		{EDC483CF-7124-4F89-8D99-ACAC69EC02A4}.Release|ARM64.Build.0 = Release|Any CPU
		{EDC483CF-7124-4F89-8D99-ACAC69EC02A4}.Release|x64.ActiveCfg = Release|Any CPU
		{EDC483CF-7124-4F89-8D99-ACAC69EC02A4}.Release|x64.Build.0 = Release|Any CPU
		{EDC483CF-7124-4F89-8D99-ACAC69EC02A4}.Release|x86.ActiveCfg = Release|Any CPU
		{EDC483CF-7124-4F89-8D99-ACAC69EC02A4}.Release|x86.Build.0 = Release|Any CPU
		{895AA63B-6F6B-459E-AA89-37E55D9F9B7F}.Debug|Any CPU.ActiveCfg = Debug|Any CPU
		{895AA63B-6F6B-459E-AA89-37E55D9F9B7F}.Debug|Any CPU.Build.0 = Debug|Any CPU
		{895AA63B-6F6B-459E-AA89-37E55D9F9B7F}.Debug|ARM.ActiveCfg = Debug|Any CPU
		{895AA63B-6F6B-459E-AA89-37E55D9F9B7F}.Debug|ARM.Build.0 = Debug|Any CPU
		{895AA63B-6F6B-459E-AA89-37E55D9F9B7F}.Debug|ARM64.ActiveCfg = Debug|Any CPU
		{895AA63B-6F6B-459E-AA89-37E55D9F9B7F}.Debug|ARM64.Build.0 = Debug|Any CPU
		{895AA63B-6F6B-459E-AA89-37E55D9F9B7F}.Debug|x64.ActiveCfg = Debug|Any CPU
		{895AA63B-6F6B-459E-AA89-37E55D9F9B7F}.Debug|x64.Build.0 = Debug|Any CPU
		{895AA63B-6F6B-459E-AA89-37E55D9F9B7F}.Debug|x86.ActiveCfg = Debug|Any CPU
		{895AA63B-6F6B-459E-AA89-37E55D9F9B7F}.Debug|x86.Build.0 = Debug|Any CPU
		{895AA63B-6F6B-459E-AA89-37E55D9F9B7F}.Release|Any CPU.ActiveCfg = Release|Any CPU
		{895AA63B-6F6B-459E-AA89-37E55D9F9B7F}.Release|Any CPU.Build.0 = Release|Any CPU
		{895AA63B-6F6B-459E-AA89-37E55D9F9B7F}.Release|ARM.ActiveCfg = Release|Any CPU
		{895AA63B-6F6B-459E-AA89-37E55D9F9B7F}.Release|ARM.Build.0 = Release|Any CPU
		{895AA63B-6F6B-459E-AA89-37E55D9F9B7F}.Release|ARM64.ActiveCfg = Release|Any CPU
		{895AA63B-6F6B-459E-AA89-37E55D9F9B7F}.Release|ARM64.Build.0 = Release|Any CPU
		{895AA63B-6F6B-459E-AA89-37E55D9F9B7F}.Release|x64.ActiveCfg = Release|Any CPU
		{895AA63B-6F6B-459E-AA89-37E55D9F9B7F}.Release|x64.Build.0 = Release|Any CPU
		{895AA63B-6F6B-459E-AA89-37E55D9F9B7F}.Release|x86.ActiveCfg = Release|Any CPU
		{895AA63B-6F6B-459E-AA89-37E55D9F9B7F}.Release|x86.Build.0 = Release|Any CPU
		{3CCA3773-8C04-4B25-B52A-241060F9771A}.Debug|Any CPU.ActiveCfg = Debug|Any CPU
		{3CCA3773-8C04-4B25-B52A-241060F9771A}.Debug|Any CPU.Build.0 = Debug|Any CPU
		{3CCA3773-8C04-4B25-B52A-241060F9771A}.Debug|ARM.ActiveCfg = Debug|Any CPU
		{3CCA3773-8C04-4B25-B52A-241060F9771A}.Debug|ARM.Build.0 = Debug|Any CPU
		{3CCA3773-8C04-4B25-B52A-241060F9771A}.Debug|ARM64.ActiveCfg = Debug|Any CPU
		{3CCA3773-8C04-4B25-B52A-241060F9771A}.Debug|ARM64.Build.0 = Debug|Any CPU
		{3CCA3773-8C04-4B25-B52A-241060F9771A}.Debug|x64.ActiveCfg = Debug|Any CPU
		{3CCA3773-8C04-4B25-B52A-241060F9771A}.Debug|x64.Build.0 = Debug|Any CPU
		{3CCA3773-8C04-4B25-B52A-241060F9771A}.Debug|x86.ActiveCfg = Debug|Any CPU
		{3CCA3773-8C04-4B25-B52A-241060F9771A}.Debug|x86.Build.0 = Debug|Any CPU
		{3CCA3773-8C04-4B25-B52A-241060F9771A}.Release|Any CPU.ActiveCfg = Release|Any CPU
		{3CCA3773-8C04-4B25-B52A-241060F9771A}.Release|Any CPU.Build.0 = Release|Any CPU
		{3CCA3773-8C04-4B25-B52A-241060F9771A}.Release|ARM.ActiveCfg = Release|Any CPU
		{3CCA3773-8C04-4B25-B52A-241060F9771A}.Release|ARM.Build.0 = Release|Any CPU
		{3CCA3773-8C04-4B25-B52A-241060F9771A}.Release|ARM64.ActiveCfg = Release|Any CPU
		{3CCA3773-8C04-4B25-B52A-241060F9771A}.Release|ARM64.Build.0 = Release|Any CPU
		{3CCA3773-8C04-4B25-B52A-241060F9771A}.Release|x64.ActiveCfg = Release|Any CPU
		{3CCA3773-8C04-4B25-B52A-241060F9771A}.Release|x64.Build.0 = Release|Any CPU
		{3CCA3773-8C04-4B25-B52A-241060F9771A}.Release|x86.ActiveCfg = Release|Any CPU
		{3CCA3773-8C04-4B25-B52A-241060F9771A}.Release|x86.Build.0 = Release|Any CPU
		{9EFF3E66-F613-40DB-99CD-F325A9FAECA1}.Debug|Any CPU.ActiveCfg = Debug|Any CPU
		{9EFF3E66-F613-40DB-99CD-F325A9FAECA1}.Debug|Any CPU.Build.0 = Debug|Any CPU
		{9EFF3E66-F613-40DB-99CD-F325A9FAECA1}.Debug|ARM.ActiveCfg = Debug|Any CPU
		{9EFF3E66-F613-40DB-99CD-F325A9FAECA1}.Debug|ARM.Build.0 = Debug|Any CPU
		{9EFF3E66-F613-40DB-99CD-F325A9FAECA1}.Debug|ARM64.ActiveCfg = Debug|Any CPU
		{9EFF3E66-F613-40DB-99CD-F325A9FAECA1}.Debug|ARM64.Build.0 = Debug|Any CPU
		{9EFF3E66-F613-40DB-99CD-F325A9FAECA1}.Debug|x64.ActiveCfg = Debug|Any CPU
		{9EFF3E66-F613-40DB-99CD-F325A9FAECA1}.Debug|x64.Build.0 = Debug|Any CPU
		{9EFF3E66-F613-40DB-99CD-F325A9FAECA1}.Debug|x86.ActiveCfg = Debug|Any CPU
		{9EFF3E66-F613-40DB-99CD-F325A9FAECA1}.Debug|x86.Build.0 = Debug|Any CPU
		{9EFF3E66-F613-40DB-99CD-F325A9FAECA1}.Release|Any CPU.ActiveCfg = Release|Any CPU
		{9EFF3E66-F613-40DB-99CD-F325A9FAECA1}.Release|Any CPU.Build.0 = Release|Any CPU
		{9EFF3E66-F613-40DB-99CD-F325A9FAECA1}.Release|ARM.ActiveCfg = Release|Any CPU
		{9EFF3E66-F613-40DB-99CD-F325A9FAECA1}.Release|ARM.Build.0 = Release|Any CPU
		{9EFF3E66-F613-40DB-99CD-F325A9FAECA1}.Release|ARM64.ActiveCfg = Release|Any CPU
		{9EFF3E66-F613-40DB-99CD-F325A9FAECA1}.Release|ARM64.Build.0 = Release|Any CPU
		{9EFF3E66-F613-40DB-99CD-F325A9FAECA1}.Release|x64.ActiveCfg = Release|Any CPU
		{9EFF3E66-F613-40DB-99CD-F325A9FAECA1}.Release|x64.Build.0 = Release|Any CPU
		{9EFF3E66-F613-40DB-99CD-F325A9FAECA1}.Release|x86.ActiveCfg = Release|Any CPU
		{9EFF3E66-F613-40DB-99CD-F325A9FAECA1}.Release|x86.Build.0 = Release|Any CPU
	EndGlobalSection
	GlobalSection(SolutionProperties) = preSolution
		HideSolutionNode = FALSE
	EndGlobalSection
	GlobalSection(ExtensibilityGlobals) = postSolution
		SolutionGuid = {4C34EA87-DE6D-4921-8323-7D6BAFDDA5FA}
	EndGlobalSection
EndGlobal
